// !$*UTF8*$!
{
	archiveVersion = 1;
	classes = {
	};
	objectVersion = 55;
	objects = {

/* Begin PBXBuildFile section */
		EEBBC8612853812C0076B6C4 /* AppDelegate.swift in Sources */ = {isa = PBXBuildFile; fileRef = EEBBC8602853812C0076B6C4 /* AppDelegate.swift */; };
		EEBBC8632853812C0076B6C4 /* SceneDelegate.swift in Sources */ = {isa = PBXBuildFile; fileRef = EEBBC8622853812C0076B6C4 /* SceneDelegate.swift */; };
		EEBBC8652853812C0076B6C4 /* MainViewController.swift in Sources */ = {isa = PBXBuildFile; fileRef = EEBBC8642853812C0076B6C4 /* MainViewController.swift */; };
		EEBBC8682853812C0076B6C4 /* MainViewController.storyboard in Resources */ = {isa = PBXBuildFile; fileRef = EEBBC8662853812C0076B6C4 /* MainViewController.storyboard */; };
		EEBBC86A2853812D0076B6C4 /* Assets.xcassets in Resources */ = {isa = PBXBuildFile; fileRef = EEBBC8692853812D0076B6C4 /* Assets.xcassets */; };
		EEBBC86D2853812D0076B6C4 /* LaunchScreen.storyboard in Resources */ = {isa = PBXBuildFile; fileRef = EEBBC86B2853812D0076B6C4 /* LaunchScreen.storyboard */; };
		EEBBC8772853816E0076B6C4 /* Storyboard.swift in Sources */ = {isa = PBXBuildFile; fileRef = EEBBC8762853816E0076B6C4 /* Storyboard.swift */; };
		EEBBC879285382E70076B6C4 /* String.swift in Sources */ = {isa = PBXBuildFile; fileRef = EEBBC878285382E70076B6C4 /* String.swift */; };
		EEBBC87C285384410076B6C4 /* HTTPClient.swift in Sources */ = {isa = PBXBuildFile; fileRef = EEBBC87B285384410076B6C4 /* HTTPClient.swift */; };
		EEBBC87E285384BC0076B6C4 /* Request.swift in Sources */ = {isa = PBXBuildFile; fileRef = EEBBC87D285384BC0076B6C4 /* Request.swift */; };
		EEBBC880285384E50076B6C4 /* HeaderValue.swift in Sources */ = {isa = PBXBuildFile; fileRef = EEBBC87F285384E50076B6C4 /* HeaderValue.swift */; };
		EEBBC882285384FF0076B6C4 /* HTTPMethod.swift in Sources */ = {isa = PBXBuildFile; fileRef = EEBBC881285384FF0076B6C4 /* HTTPMethod.swift */; };
		EEBBC8842853869D0076B6C4 /* IMDItemCollectionViewCell.swift in Sources */ = {isa = PBXBuildFile; fileRef = EEBBC8832853869D0076B6C4 /* IMDItemCollectionViewCell.swift */; };
		EEBBC886285387D30076B6C4 /* HTTPStatusCode.swift in Sources */ = {isa = PBXBuildFile; fileRef = EEBBC885285387D30076B6C4 /* HTTPStatusCode.swift */; };
		EEBBC888285388050076B6C4 /* ErrorResponse.swift in Sources */ = {isa = PBXBuildFile; fileRef = EEBBC887285388050076B6C4 /* ErrorResponse.swift */; };
		EEBBC88A285388820076B6C4 /* IMDBRequest.swift in Sources */ = {isa = PBXBuildFile; fileRef = EEBBC889285388820076B6C4 /* IMDBRequest.swift */; };
		EEBBC88E2853899E0076B6C4 /* IMDBService.swift in Sources */ = {isa = PBXBuildFile; fileRef = EEBBC88D2853899E0076B6C4 /* IMDBService.swift */; };
		EEBBC89028538A080076B6C4 /* IMDBMostPopularResponseData.swift in Sources */ = {isa = PBXBuildFile; fileRef = EEBBC88F28538A080076B6C4 /* IMDBMostPopularResponseData.swift */; };
		EEBBC89528538BFF0076B6C4 /* MainViewModel.swift in Sources */ = {isa = PBXBuildFile; fileRef = EEBBC89428538BFF0076B6C4 /* MainViewModel.swift */; };
		EEBBC897285390650076B6C4 /* UIImageView.swift in Sources */ = {isa = PBXBuildFile; fileRef = EEBBC896285390650076B6C4 /* UIImageView.swift */; };
		EEBBC899285394CE0076B6C4 /* LoaderViewController.swift in Sources */ = {isa = PBXBuildFile; fileRef = EEBBC898285394CE0076B6C4 /* LoaderViewController.swift */; };
		EEBBC89B285394D90076B6C4 /* LoaderViewController.storyboard in Resources */ = {isa = PBXBuildFile; fileRef = EEBBC89A285394D90076B6C4 /* LoaderViewController.storyboard */; };
		EEBBC89D285395880076B6C4 /* UIViewController+Loader.swift in Sources */ = {isa = PBXBuildFile; fileRef = EEBBC89C285395880076B6C4 /* UIViewController+Loader.swift */; };
		EEBBC8A028539CFA0076B6C4 /* Coordinator.swift in Sources */ = {isa = PBXBuildFile; fileRef = EEBBC89F28539CFA0076B6C4 /* Coordinator.swift */; };
/* End PBXBuildFile section */

/* Begin PBXFileReference section */
		EEBBC85D2853812C0076B6C4 /* IMDBAppUIKit.app */ = {isa = PBXFileReference; explicitFileType = wrapper.application; includeInIndex = 0; path = IMDBAppUIKit.app; sourceTree = BUILT_PRODUCTS_DIR; };
		EEBBC8602853812C0076B6C4 /* AppDelegate.swift */ = {isa = PBXFileReference; lastKnownFileType = sourcecode.swift; path = AppDelegate.swift; sourceTree = "<group>"; };
		EEBBC8622853812C0076B6C4 /* SceneDelegate.swift */ = {isa = PBXFileReference; lastKnownFileType = sourcecode.swift; path = SceneDelegate.swift; sourceTree = "<group>"; };
		EEBBC8642853812C0076B6C4 /* MainViewController.swift */ = {isa = PBXFileReference; lastKnownFileType = sourcecode.swift; path = MainViewController.swift; sourceTree = "<group>"; };
		EEBBC8672853812C0076B6C4 /* Base */ = {isa = PBXFileReference; lastKnownFileType = file.storyboard; name = Base; path = Base.lproj/MainViewController.storyboard; sourceTree = "<group>"; };
		EEBBC8692853812D0076B6C4 /* Assets.xcassets */ = {isa = PBXFileReference; lastKnownFileType = folder.assetcatalog; path = Assets.xcassets; sourceTree = "<group>"; };
		EEBBC86C2853812D0076B6C4 /* Base */ = {isa = PBXFileReference; lastKnownFileType = file.storyboard; name = Base; path = Base.lproj/LaunchScreen.storyboard; sourceTree = "<group>"; };
		EEBBC86E2853812D0076B6C4 /* Info.plist */ = {isa = PBXFileReference; lastKnownFileType = text.plist.xml; path = Info.plist; sourceTree = "<group>"; };
		EEBBC8762853816E0076B6C4 /* Storyboard.swift */ = {isa = PBXFileReference; lastKnownFileType = sourcecode.swift; path = Storyboard.swift; sourceTree = "<group>"; };
		EEBBC878285382E70076B6C4 /* String.swift */ = {isa = PBXFileReference; lastKnownFileType = sourcecode.swift; path = String.swift; sourceTree = "<group>"; };
		EEBBC87B285384410076B6C4 /* HTTPClient.swift */ = {isa = PBXFileReference; lastKnownFileType = sourcecode.swift; path = HTTPClient.swift; sourceTree = "<group>"; };
		EEBBC87D285384BC0076B6C4 /* Request.swift */ = {isa = PBXFileReference; lastKnownFileType = sourcecode.swift; path = Request.swift; sourceTree = "<group>"; };
		EEBBC87F285384E50076B6C4 /* HeaderValue.swift */ = {isa = PBXFileReference; lastKnownFileType = sourcecode.swift; path = HeaderValue.swift; sourceTree = "<group>"; };
		EEBBC881285384FF0076B6C4 /* HTTPMethod.swift */ = {isa = PBXFileReference; lastKnownFileType = sourcecode.swift; path = HTTPMethod.swift; sourceTree = "<group>"; };
		EEBBC8832853869D0076B6C4 /* IMDItemCollectionViewCell.swift */ = {isa = PBXFileReference; lastKnownFileType = sourcecode.swift; path = IMDItemCollectionViewCell.swift; sourceTree = "<group>"; };
		EEBBC885285387D30076B6C4 /* HTTPStatusCode.swift */ = {isa = PBXFileReference; lastKnownFileType = sourcecode.swift; path = HTTPStatusCode.swift; sourceTree = "<group>"; };
		EEBBC887285388050076B6C4 /* ErrorResponse.swift */ = {isa = PBXFileReference; lastKnownFileType = sourcecode.swift; path = ErrorResponse.swift; sourceTree = "<group>"; };
		EEBBC889285388820076B6C4 /* IMDBRequest.swift */ = {isa = PBXFileReference; lastKnownFileType = sourcecode.swift; path = IMDBRequest.swift; sourceTree = "<group>"; };
		EEBBC88D2853899E0076B6C4 /* IMDBService.swift */ = {isa = PBXFileReference; lastKnownFileType = sourcecode.swift; path = IMDBService.swift; sourceTree = "<group>"; };
		EEBBC88F28538A080076B6C4 /* IMDBMostPopularResponseData.swift */ = {isa = PBXFileReference; lastKnownFileType = sourcecode.swift; path = IMDBMostPopularResponseData.swift; sourceTree = "<group>"; };
		EEBBC89428538BFF0076B6C4 /* MainViewModel.swift */ = {isa = PBXFileReference; lastKnownFileType = sourcecode.swift; path = MainViewModel.swift; sourceTree = "<group>"; };
		EEBBC896285390650076B6C4 /* UIImageView.swift */ = {isa = PBXFileReference; lastKnownFileType = sourcecode.swift; path = UIImageView.swift; sourceTree = "<group>"; };
		EEBBC898285394CE0076B6C4 /* LoaderViewController.swift */ = {isa = PBXFileReference; lastKnownFileType = sourcecode.swift; path = LoaderViewController.swift; sourceTree = "<group>"; };
		EEBBC89A285394D90076B6C4 /* LoaderViewController.storyboard */ = {isa = PBXFileReference; lastKnownFileType = file.storyboard; path = LoaderViewController.storyboard; sourceTree = "<group>"; };
		EEBBC89C285395880076B6C4 /* UIViewController+Loader.swift */ = {isa = PBXFileReference; lastKnownFileType = sourcecode.swift; path = "UIViewController+Loader.swift"; sourceTree = "<group>"; };
		EEBBC89F28539CFA0076B6C4 /* Coordinator.swift */ = {isa = PBXFileReference; lastKnownFileType = sourcecode.swift; path = Coordinator.swift; sourceTree = "<group>"; };
/* End PBXFileReference section */

/* Begin PBXFrameworksBuildPhase section */
		EEBBC85A2853812C0076B6C4 /* Frameworks */ = {
			isa = PBXFrameworksBuildPhase;
			buildActionMask = 2147483647;
			files = (
			);
			runOnlyForDeploymentPostprocessing = 0;
		};
/* End PBXFrameworksBuildPhase section */

/* Begin PBXGroup section */
		EEBBC8542853812C0076B6C4 = {
			isa = PBXGroup;
			children = (
				EEBBC85F2853812C0076B6C4 /* IMDBAppUIKit */,
				EEBBC85E2853812C0076B6C4 /* Products */,
			);
			sourceTree = "<group>";
		};
		EEBBC85E2853812C0076B6C4 /* Products */ = {
			isa = PBXGroup;
			children = (
				EEBBC85D2853812C0076B6C4 /* IMDBAppUIKit.app */,
			);
			name = Products;
			sourceTree = "<group>";
		};
		EEBBC85F2853812C0076B6C4 /* IMDBAppUIKit */ = {
			isa = PBXGroup;
			children = (
				EEBBC89F28539CFA0076B6C4 /* Coordinator.swift */,
				EEBBC87A2853838D0076B6C4 /* MainScreen */,
				EEBBC89E285395BF0076B6C4 /* Loader */,
				EEBBC89228538B3E0076B6C4 /* Models */,
				EEBBC89128538B380076B6C4 /* Services */,
				EEBBC88B285389710076B6C4 /* Network */,
				EEBBC89328538B460076B6C4 /* Cells */,
				EEBBC875285381640076B6C4 /* Extensions */,
				EEBBC8742853813B0076B6C4 /* App */,
				EEBBC86B2853812D0076B6C4 /* LaunchScreen.storyboard */,
				EEBBC8692853812D0076B6C4 /* Assets.xcassets */,
				EEBBC86E2853812D0076B6C4 /* Info.plist */,
			);
			path = IMDBAppUIKit;
			sourceTree = "<group>";
		};
		EEBBC8742853813B0076B6C4 /* App */ = {
			isa = PBXGroup;
			children = (
				EEBBC8602853812C0076B6C4 /* AppDelegate.swift */,
				EEBBC8622853812C0076B6C4 /* SceneDelegate.swift */,
			);
			path = App;
			sourceTree = "<group>";
		};
		EEBBC875285381640076B6C4 /* Extensions */ = {
			isa = PBXGroup;
			children = (
				EEBBC896285390650076B6C4 /* UIImageView.swift */,
				EEBBC8762853816E0076B6C4 /* Storyboard.swift */,
				EEBBC878285382E70076B6C4 /* String.swift */,
			);
			path = Extensions;
			sourceTree = "<group>";
		};
		EEBBC87A2853838D0076B6C4 /* MainScreen */ = {
			isa = PBXGroup;
			children = (
				EEBBC8642853812C0076B6C4 /* MainViewController.swift */,
				EEBBC8662853812C0076B6C4 /* MainViewController.storyboard */,
				EEBBC89428538BFF0076B6C4 /* MainViewModel.swift */,
			);
			path = MainScreen;
			sourceTree = "<group>";
		};
		EEBBC88B285389710076B6C4 /* Network */ = {
			isa = PBXGroup;
			children = (
				EEBBC88C285389820076B6C4 /* Requests */,
				EEBBC885285387D30076B6C4 /* HTTPStatusCode.swift */,
				EEBBC887285388050076B6C4 /* ErrorResponse.swift */,
				EEBBC881285384FF0076B6C4 /* HTTPMethod.swift */,
				EEBBC87F285384E50076B6C4 /* HeaderValue.swift */,
				EEBBC87D285384BC0076B6C4 /* Request.swift */,
				EEBBC87B285384410076B6C4 /* HTTPClient.swift */,
			);
			path = Network;
			sourceTree = "<group>";
		};
		EEBBC88C285389820076B6C4 /* Requests */ = {
			isa = PBXGroup;
			children = (
				EEBBC889285388820076B6C4 /* IMDBRequest.swift */,
			);
			path = Requests;
			sourceTree = "<group>";
		};
		EEBBC89128538B380076B6C4 /* Services */ = {
			isa = PBXGroup;
			children = (
				EEBBC88D2853899E0076B6C4 /* IMDBService.swift */,
			);
			path = Services;
			sourceTree = "<group>";
		};
		EEBBC89228538B3E0076B6C4 /* Models */ = {
			isa = PBXGroup;
			children = (
				EEBBC88F28538A080076B6C4 /* IMDBMostPopularResponseData.swift */,
			);
			path = Models;
			sourceTree = "<group>";
		};
		EEBBC89328538B460076B6C4 /* Cells */ = {
			isa = PBXGroup;
			children = (
				EEBBC8832853869D0076B6C4 /* IMDItemCollectionViewCell.swift */,
			);
			path = Cells;
			sourceTree = "<group>";
		};
		EEBBC89E285395BF0076B6C4 /* Loader */ = {
			isa = PBXGroup;
			children = (
				EEBBC89C285395880076B6C4 /* UIViewController+Loader.swift */,
				EEBBC898285394CE0076B6C4 /* LoaderViewController.swift */,
				EEBBC89A285394D90076B6C4 /* LoaderViewController.storyboard */,
			);
			path = Loader;
			sourceTree = "<group>";
		};
/* End PBXGroup section */

/* Begin PBXNativeTarget section */
		EEBBC85C2853812C0076B6C4 /* IMDBAppUIKit */ = {
			isa = PBXNativeTarget;
			buildConfigurationList = EEBBC8712853812D0076B6C4 /* Build configuration list for PBXNativeTarget "IMDBAppUIKit" */;
			buildPhases = (
				EEBBC8592853812C0076B6C4 /* Sources */,
				EEBBC85A2853812C0076B6C4 /* Frameworks */,
				EEBBC85B2853812C0076B6C4 /* Resources */,
			);
			buildRules = (
			);
			dependencies = (
			);
			name = IMDBAppUIKit;
			productName = IMDBAppUIKit;
			productReference = EEBBC85D2853812C0076B6C4 /* IMDBAppUIKit.app */;
			productType = "com.apple.product-type.application";
		};
/* End PBXNativeTarget section */

/* Begin PBXProject section */
		EEBBC8552853812C0076B6C4 /* Project object */ = {
			isa = PBXProject;
			attributes = {
				BuildIndependentTargetsInParallel = 1;
				LastSwiftUpdateCheck = 1330;
				LastUpgradeCheck = 1330;
				TargetAttributes = {
					EEBBC85C2853812C0076B6C4 = {
						CreatedOnToolsVersion = 13.3.1;
					};
				};
			};
			buildConfigurationList = EEBBC8582853812C0076B6C4 /* Build configuration list for PBXProject "IMDBAppUIKit" */;
			compatibilityVersion = "Xcode 13.0";
			developmentRegion = en;
			hasScannedForEncodings = 0;
			knownRegions = (
				en,
				Base,
			);
			mainGroup = EEBBC8542853812C0076B6C4;
			productRefGroup = EEBBC85E2853812C0076B6C4 /* Products */;
			projectDirPath = "";
			projectRoot = "";
			targets = (
				EEBBC85C2853812C0076B6C4 /* IMDBAppUIKit */,
			);
		};
/* End PBXProject section */

/* Begin PBXResourcesBuildPhase section */
		EEBBC85B2853812C0076B6C4 /* Resources */ = {
			isa = PBXResourcesBuildPhase;
			buildActionMask = 2147483647;
			files = (
				EEBBC89B285394D90076B6C4 /* LoaderViewController.storyboard in Resources */,
				EEBBC86D2853812D0076B6C4 /* LaunchScreen.storyboard in Resources */,
				EEBBC86A2853812D0076B6C4 /* Assets.xcassets in Resources */,
				EEBBC8682853812C0076B6C4 /* MainViewController.storyboard in Resources */,
			);
			runOnlyForDeploymentPostprocessing = 0;
		};
/* End PBXResourcesBuildPhase section */

/* Begin PBXSourcesBuildPhase section */
		EEBBC8592853812C0076B6C4 /* Sources */ = {
			isa = PBXSourcesBuildPhase;
			buildActionMask = 2147483647;
			files = (
				EEBBC8772853816E0076B6C4 /* Storyboard.swift in Sources */,
				EEBBC8652853812C0076B6C4 /* MainViewController.swift in Sources */,
				EEBBC8842853869D0076B6C4 /* IMDItemCollectionViewCell.swift in Sources */,
				EEBBC888285388050076B6C4 /* ErrorResponse.swift in Sources */,
				EEBBC880285384E50076B6C4 /* HeaderValue.swift in Sources */,
				EEBBC87C285384410076B6C4 /* HTTPClient.swift in Sources */,
				EEBBC897285390650076B6C4 /* UIImageView.swift in Sources */,
				EEBBC879285382E70076B6C4 /* String.swift in Sources */,
				EEBBC899285394CE0076B6C4 /* LoaderViewController.swift in Sources */,
				EEBBC882285384FF0076B6C4 /* HTTPMethod.swift in Sources */,
				EEBBC87E285384BC0076B6C4 /* Request.swift in Sources */,
				EEBBC886285387D30076B6C4 /* HTTPStatusCode.swift in Sources */,
				EEBBC8A028539CFA0076B6C4 /* Coordinator.swift in Sources */,
				EEBBC89028538A080076B6C4 /* IMDBMostPopularResponseData.swift in Sources */,
				EEBBC8612853812C0076B6C4 /* AppDelegate.swift in Sources */,
				EEBBC88E2853899E0076B6C4 /* IMDBService.swift in Sources */,
				EEBBC8632853812C0076B6C4 /* SceneDelegate.swift in Sources */,
				EEBBC88A285388820076B6C4 /* IMDBRequest.swift in Sources */,
				EEBBC89528538BFF0076B6C4 /* MainViewModel.swift in Sources */,
				EEBBC89D285395880076B6C4 /* UIViewController+Loader.swift in Sources */,
			);
			runOnlyForDeploymentPostprocessing = 0;
		};
/* End PBXSourcesBuildPhase section */

/* Begin PBXVariantGroup section */
		EEBBC8662853812C0076B6C4 /* MainViewController.storyboard */ = {
			isa = PBXVariantGroup;
			children = (
				EEBBC8672853812C0076B6C4 /* Base */,
			);
			name = MainViewController.storyboard;
			sourceTree = "<group>";
		};
		EEBBC86B2853812D0076B6C4 /* LaunchScreen.storyboard */ = {
			isa = PBXVariantGroup;
			children = (
				EEBBC86C2853812D0076B6C4 /* Base */,
			);
			name = LaunchScreen.storyboard;
			sourceTree = "<group>";
		};
/* End PBXVariantGroup section */

/* Begin XCBuildConfiguration section */
		EEBBC86F2853812D0076B6C4 /* Debug */ = {
			isa = XCBuildConfiguration;
			buildSettings = {
				ALWAYS_SEARCH_USER_PATHS = NO;
				CLANG_ANALYZER_NONNULL = YES;
				CLANG_ANALYZER_NUMBER_OBJECT_CONVERSION = YES_AGGRESSIVE;
				CLANG_CXX_LANGUAGE_STANDARD = "gnu++17";
				CLANG_ENABLE_MODULES = YES;
				CLANG_ENABLE_OBJC_ARC = YES;
				CLANG_ENABLE_OBJC_WEAK = YES;
				CLANG_WARN_BLOCK_CAPTURE_AUTORELEASING = YES;
				CLANG_WARN_BOOL_CONVERSION = YES;
				CLANG_WARN_COMMA = YES;
				CLANG_WARN_CONSTANT_CONVERSION = YES;
				CLANG_WARN_DEPRECATED_OBJC_IMPLEMENTATIONS = YES;
				CLANG_WARN_DIRECT_OBJC_ISA_USAGE = YES_ERROR;
				CLANG_WARN_DOCUMENTATION_COMMENTS = YES;
				CLANG_WARN_EMPTY_BODY = YES;
				CLANG_WARN_ENUM_CONVERSION = YES;
				CLANG_WARN_INFINITE_RECURSION = YES;
				CLANG_WARN_INT_CONVERSION = YES;
				CLANG_WARN_NON_LITERAL_NULL_CONVERSION = YES;
				CLANG_WARN_OBJC_IMPLICIT_RETAIN_SELF = YES;
				CLANG_WARN_OBJC_LITERAL_CONVERSION = YES;
				CLANG_WARN_OBJC_ROOT_CLASS = YES_ERROR;
				CLANG_WARN_QUOTED_INCLUDE_IN_FRAMEWORK_HEADER = YES;
				CLANG_WARN_RANGE_LOOP_ANALYSIS = YES;
				CLANG_WARN_STRICT_PROTOTYPES = YES;
				CLANG_WARN_SUSPICIOUS_MOVE = YES;
				CLANG_WARN_UNGUARDED_AVAILABILITY = YES_AGGRESSIVE;
				CLANG_WARN_UNREACHABLE_CODE = YES;
				CLANG_WARN__DUPLICATE_METHOD_MATCH = YES;
				COPY_PHASE_STRIP = NO;
				DEBUG_INFORMATION_FORMAT = dwarf;
				ENABLE_STRICT_OBJC_MSGSEND = YES;
				ENABLE_TESTABILITY = YES;
				GCC_C_LANGUAGE_STANDARD = gnu11;
				GCC_DYNAMIC_NO_PIC = NO;
				GCC_NO_COMMON_BLOCKS = YES;
				GCC_OPTIMIZATION_LEVEL = 0;
				GCC_PREPROCESSOR_DEFINITIONS = (
					"DEBUG=1",
					"$(inherited)",
				);
				GCC_WARN_64_TO_32_BIT_CONVERSION = YES;
				GCC_WARN_ABOUT_RETURN_TYPE = YES_ERROR;
				GCC_WARN_UNDECLARED_SELECTOR = YES;
				GCC_WARN_UNINITIALIZED_AUTOS = YES_AGGRESSIVE;
				GCC_WARN_UNUSED_FUNCTION = YES;
				GCC_WARN_UNUSED_VARIABLE = YES;
				IPHONEOS_DEPLOYMENT_TARGET = 15.4;
				MTL_ENABLE_DEBUG_INFO = INCLUDE_SOURCE;
				MTL_FAST_MATH = YES;
				ONLY_ACTIVE_ARCH = YES;
				SDKROOT = iphoneos;
				SWIFT_ACTIVE_COMPILATION_CONDITIONS = DEBUG;
				SWIFT_OPTIMIZATION_LEVEL = "-Onone";
			};
			name = Debug;
		};
		EEBBC8702853812D0076B6C4 /* Release */ = {
			isa = XCBuildConfiguration;
			buildSettings = {
				ALWAYS_SEARCH_USER_PATHS = NO;
				CLANG_ANALYZER_NONNULL = YES;
				CLANG_ANALYZER_NUMBER_OBJECT_CONVERSION = YES_AGGRESSIVE;
				CLANG_CXX_LANGUAGE_STANDARD = "gnu++17";
				CLANG_ENABLE_MODULES = YES;
				CLANG_ENABLE_OBJC_ARC = YES;
				CLANG_ENABLE_OBJC_WEAK = YES;
				CLANG_WARN_BLOCK_CAPTURE_AUTORELEASING = YES;
				CLANG_WARN_BOOL_CONVERSION = YES;
				CLANG_WARN_COMMA = YES;
				CLANG_WARN_CONSTANT_CONVERSION = YES;
				CLANG_WARN_DEPRECATED_OBJC_IMPLEMENTATIONS = YES;
				CLANG_WARN_DIRECT_OBJC_ISA_USAGE = YES_ERROR;
				CLANG_WARN_DOCUMENTATION_COMMENTS = YES;
				CLANG_WARN_EMPTY_BODY = YES;
				CLANG_WARN_ENUM_CONVERSION = YES;
				CLANG_WARN_INFINITE_RECURSION = YES;
				CLANG_WARN_INT_CONVERSION = YES;
				CLANG_WARN_NON_LITERAL_NULL_CONVERSION = YES;
				CLANG_WARN_OBJC_IMPLICIT_RETAIN_SELF = YES;
				CLANG_WARN_OBJC_LITERAL_CONVERSION = YES;
				CLANG_WARN_OBJC_ROOT_CLASS = YES_ERROR;
				CLANG_WARN_QUOTED_INCLUDE_IN_FRAMEWORK_HEADER = YES;
				CLANG_WARN_RANGE_LOOP_ANALYSIS = YES;
				CLANG_WARN_STRICT_PROTOTYPES = YES;
				CLANG_WARN_SUSPICIOUS_MOVE = YES;
				CLANG_WARN_UNGUARDED_AVAILABILITY = YES_AGGRESSIVE;
				CLANG_WARN_UNREACHABLE_CODE = YES;
				CLANG_WARN__DUPLICATE_METHOD_MATCH = YES;
				COPY_PHASE_STRIP = NO;
				DEBUG_INFORMATION_FORMAT = "dwarf-with-dsym";
				ENABLE_NS_ASSERTIONS = NO;
				ENABLE_STRICT_OBJC_MSGSEND = YES;
				GCC_C_LANGUAGE_STANDARD = gnu11;
				GCC_NO_COMMON_BLOCKS = YES;
				GCC_WARN_64_TO_32_BIT_CONVERSION = YES;
				GCC_WARN_ABOUT_RETURN_TYPE = YES_ERROR;
				GCC_WARN_UNDECLARED_SELECTOR = YES;
				GCC_WARN_UNINITIALIZED_AUTOS = YES_AGGRESSIVE;
				GCC_WARN_UNUSED_FUNCTION = YES;
				GCC_WARN_UNUSED_VARIABLE = YES;
				IPHONEOS_DEPLOYMENT_TARGET = 15.4;
				MTL_ENABLE_DEBUG_INFO = NO;
				MTL_FAST_MATH = YES;
				SDKROOT = iphoneos;
				SWIFT_COMPILATION_MODE = wholemodule;
				SWIFT_OPTIMIZATION_LEVEL = "-O";
				VALIDATE_PRODUCT = YES;
			};
			name = Release;
		};
		EEBBC8722853812D0076B6C4 /* Debug */ = {
			isa = XCBuildConfiguration;
			buildSettings = {
				ASSETCATALOG_COMPILER_APPICON_NAME = AppIcon;
				ASSETCATALOG_COMPILER_GLOBAL_ACCENT_COLOR_NAME = AccentColor;
				CODE_SIGN_STYLE = Automatic;
				CURRENT_PROJECT_VERSION = 1;
				DEVELOPMENT_TEAM = W3N523VDD8;
				GENERATE_INFOPLIST_FILE = YES;
				INFOPLIST_FILE = IMDBAppUIKit/Info.plist;
				INFOPLIST_KEY_UIApplicationSupportsIndirectInputEvents = YES;
				INFOPLIST_KEY_UILaunchStoryboardName = LaunchScreen;
				INFOPLIST_KEY_UIMainStoryboardFile = Main;
				INFOPLIST_KEY_UISupportedInterfaceOrientations_iPad = "UIInterfaceOrientationPortrait UIInterfaceOrientationPortraitUpsideDown UIInterfaceOrientationLandscapeLeft UIInterfaceOrientationLandscapeRight";
				INFOPLIST_KEY_UISupportedInterfaceOrientations_iPhone = "UIInterfaceOrientationPortrait UIInterfaceOrientationLandscapeLeft UIInterfaceOrientationLandscapeRight";
				LD_RUNPATH_SEARCH_PATHS = (
					"$(inherited)",
					"@executable_path/Frameworks",
				);
				MARKETING_VERSION = 1.0;
				PRODUCT_BUNDLE_IDENTIFIER = com.jbas.myapp.IMDBAppUIKit;
				PRODUCT_NAME = "$(TARGET_NAME)";
				SWIFT_EMIT_LOC_STRINGS = YES;
				SWIFT_VERSION = 5.0;
				TARGETED_DEVICE_FAMILY = "1,2";
			};
			name = Debug;
		};
		EEBBC8732853812D0076B6C4 /* Release */ = {
			isa = XCBuildConfiguration;
			buildSettings = {
				ASSETCATALOG_COMPILER_APPICON_NAME = AppIcon;
				ASSETCATALOG_COMPILER_GLOBAL_ACCENT_COLOR_NAME = AccentColor;
				CODE_SIGN_STYLE = Automatic;
				CURRENT_PROJECT_VERSION = 1;
				DEVELOPMENT_TEAM = W3N523VDD8;
				GENERATE_INFOPLIST_FILE = YES;
				INFOPLIST_FILE = IMDBAppUIKit/Info.plist;
				INFOPLIST_KEY_UIApplicationSupportsIndirectInputEvents = YES;
				INFOPLIST_KEY_UILaunchStoryboardName = LaunchScreen;
				INFOPLIST_KEY_UIMainStoryboardFile = Main;
				INFOPLIST_KEY_UISupportedInterfaceOrientations_iPad = "UIInterfaceOrientationPortrait UIInterfaceOrientationPortraitUpsideDown UIInterfaceOrientationLandscapeLeft UIInterfaceOrientationLandscapeRight";
				INFOPLIST_KEY_UISupportedInterfaceOrientations_iPhone = "UIInterfaceOrientationPortrait UIInterfaceOrientationLandscapeLeft UIInterfaceOrientationLandscapeRight";
				LD_RUNPATH_SEARCH_PATHS = (
					"$(inherited)",
					"@executable_path/Frameworks",
				);
				MARKETING_VERSION = 1.0;
				PRODUCT_BUNDLE_IDENTIFIER = com.jbas.myapp.IMDBAppUIKit;
				PRODUCT_NAME = "$(TARGET_NAME)";
				SWIFT_EMIT_LOC_STRINGS = YES;
				SWIFT_VERSION = 5.0;
				TARGETED_DEVICE_FAMILY = "1,2";
			};
			name = Release;
		};
/* End XCBuildConfiguration section */

/* Begin XCConfigurationList section */
		EEBBC8582853812C0076B6C4 /* Build configuration list for PBXProject "IMDBAppUIKit" */ = {
			isa = XCConfigurationList;
			buildConfigurations = (
				EEBBC86F2853812D0076B6C4 /* Debug */,
				EEBBC8702853812D0076B6C4 /* Release */,
			);
			defaultConfigurationIsVisible = 0;
			defaultConfigurationName = Release;
		};
		EEBBC8712853812D0076B6C4 /* Build configuration list for PBXNativeTarget "IMDBAppUIKit" */ = {
			isa = XCConfigurationList;
			buildConfigurations = (
				EEBBC8722853812D0076B6C4 /* Debug */,
				EEBBC8732853812D0076B6C4 /* Release */,
			);
			defaultConfigurationIsVisible = 0;
			defaultConfigurationName = Release;
		};
/* End XCConfigurationList section */
	};
	rootObject = EEBBC8552853812C0076B6C4 /* Project object */;
}
